
Microsoft Visual Studio Solution File, Format Version 12.00
# Visual Studio Version 17
VisualStudioVersion = 17.3.32811.315
MinimumVisualStudioVersion = 10.0.40219.1
Project("{FAE04EC0-301F-11D3-BF4B-00C04F79EFBC}") = "Image Test Wpf", "Image Test Wpf\Image Test Wpf.csproj", "{8610332A-E82D-43B2-9EE3-D7D4440441EA}"
EndProject
Global
	GlobalSection(SolutionConfigurationPlatforms) = preSolution
		Debug|Any CPU = Debug|Any CPU
		Release|Any CPU = Release|Any CPU
	EndGlobalSection
	GlobalSection(ProjectConfigurationPlatforms) = postSolution
		{8610332A-E82D-43B2-9EE3-D7D4440441EA}.Debug|Any CPU.ActiveCfg = Debug|Any CPU
		{8610332A-E82D-43B2-9EE3-D7D4440441EA}.Debug|Any CPU.Build.0 = Debug|Any CPU
		{8610332A-E82D-43B2-9EE3-D7D4440441EA}.Release|Any CPU.ActiveCfg = Release|Any CPU
		{8610332A-E82D-43B2-9EE3-D7D4440441EA}.Release|Any CPU.Build.0 = Release|Any CPU
	EndGlobalSection
	GlobalSection(SolutionProperties) = preSolution
		HideSolutionNode = FALSE
	EndGlobalSection
	GlobalSection(ExtensibilityGlobals) = postSolution
		SolutionGuid = {345D2400-E524-4ADC-AAA6-DC813F0E2685}
	EndGlobalSection
EndGlobal
